
Microsoft Visual Studio Solution File, Format Version 12.00
# Visual Studio Version 16
VisualStudioVersion = 16.0.29306.81
MinimumVisualStudioVersion = 10.0.40219.1
Project("{8BC9CEB8-8B4A-11D0-8D11-00A0C91BC942}") = "task6.2", "task6.2\task6.2.vcxproj", "{42442223-EB59-436F-A20C-153A47C99724}"
EndProject
Global
	GlobalSection(SolutionConfigurationPlatforms) = preSolution
		Debug|x64 = Debug|x64
		Debug|x86 = Debug|x86
		Release|x64 = Release|x64
		Release|x86 = Release|x86
	EndGlobalSection
	GlobalSection(ProjectConfigurationPlatforms) = postSolution
		{42442223-EB59-436F-A20C-153A47C99724}.Debug|x64.ActiveCfg = Debug|x64
		{42442223-EB59-436F-A20C-153A47C99724}.Debug|x64.Build.0 = Debug|x64
		{42442223-EB59-436F-A20C-153A47C99724}.Debug|x86.ActiveCfg = Debug|Win32
		{42442223-EB59-436F-A20C-153A47C99724}.Debug|x86.Build.0 = Debug|Win32
		{42442223-EB59-436F-A20C-153A47C99724}.Release|x64.ActiveCfg = Release|x64
		{42442223-EB59-436F-A20C-153A47C99724}.Release|x64.Build.0 = Release|x64
		{42442223-EB59-436F-A20C-153A47C99724}.Release|x86.ActiveCfg = Release|Win32
		{42442223-EB59-436F-A20C-153A47C99724}.Release|x86.Build.0 = Release|Win32
	EndGlobalSection
	GlobalSection(SolutionProperties) = preSolution
		HideSolutionNode = FALSE
	EndGlobalSection
	GlobalSection(ExtensibilityGlobals) = postSolution
		SolutionGuid = {F58EAC30-3334-4109-A399-D2B072AB3EA8}
	EndGlobalSection
EndGlobal
