
Microsoft Visual Studio Solution File, Format Version 12.00
# Visual Studio Version 16
VisualStudioVersion = 16.0.29306.81
MinimumVisualStudioVersion = 10.0.40219.1
Project("{8BC9CEB8-8B4A-11D0-8D11-00A0C91BC942}") = "Task3.3", "Task3.3\Task3.3.vcxproj", "{2D896634-1C96-4C87-A5F8-198734B2CC2B}"
EndProject
Global
	GlobalSection(SolutionConfigurationPlatforms) = preSolution
		Debug|x64 = Debug|x64
		Debug|x86 = Debug|x86
		Release|x64 = Release|x64
		Release|x86 = Release|x86
	EndGlobalSection
	GlobalSection(ProjectConfigurationPlatforms) = postSolution
		{2D896634-1C96-4C87-A5F8-198734B2CC2B}.Debug|x64.ActiveCfg = Debug|x64
		{2D896634-1C96-4C87-A5F8-198734B2CC2B}.Debug|x64.Build.0 = Debug|x64
		{2D896634-1C96-4C87-A5F8-198734B2CC2B}.Debug|x86.ActiveCfg = Debug|Win32
		{2D896634-1C96-4C87-A5F8-198734B2CC2B}.Debug|x86.Build.0 = Debug|Win32
		{2D896634-1C96-4C87-A5F8-198734B2CC2B}.Release|x64.ActiveCfg = Release|x64
		{2D896634-1C96-4C87-A5F8-198734B2CC2B}.Release|x64.Build.0 = Release|x64
		{2D896634-1C96-4C87-A5F8-198734B2CC2B}.Release|x86.ActiveCfg = Release|Win32
		{2D896634-1C96-4C87-A5F8-198734B2CC2B}.Release|x86.Build.0 = Release|Win32
	EndGlobalSection
	GlobalSection(SolutionProperties) = preSolution
		HideSolutionNode = FALSE
	EndGlobalSection
	GlobalSection(ExtensibilityGlobals) = postSolution
		SolutionGuid = {8C0D2D8D-364C-4939-96A0-5D585E4A4DBB}
	EndGlobalSection
EndGlobal
